
Microsoft Visual Studio Solution File, Format Version 12.00
# Visual Studio Version 16
VisualStudioVersion = 16.0.31605.320
MinimumVisualStudioVersion = 10.0.40219.1
Project("{FAE04EC0-301F-11D3-BF4B-00C04F79EFBC}") = "WindowsFormsApp1", "WindowsFormsApp1\WindowsFormsApp1.csproj", "{AB97411A-58C3-497B-8339-7A169BFA1BD7}"
EndProject
Global
	GlobalSection(SolutionConfigurationPlatforms) = preSolution
		Debug|Any CPU = Debug|Any CPU
		Release|Any CPU = Release|Any CPU
	EndGlobalSection
	GlobalSection(ProjectConfigurationPlatforms) = postSolution
		{AB97411A-58C3-497B-8339-7A169BFA1BD7}.Debug|Any CPU.ActiveCfg = Debug|Any CPU
		{AB97411A-58C3-497B-8339-7A169BFA1BD7}.Debug|Any CPU.Build.0 = Debug|Any CPU
		{AB97411A-58C3-497B-8339-7A169BFA1BD7}.Release|Any CPU.ActiveCfg = Release|Any CPU
		{AB97411A-58C3-497B-8339-7A169BFA1BD7}.Release|Any CPU.Build.0 = Release|Any CPU
	EndGlobalSection
	GlobalSection(SolutionProperties) = preSolution
		HideSolutionNode = FALSE
	EndGlobalSection
	GlobalSection(ExtensibilityGlobals) = postSolution
		SolutionGuid = {57E5E0D1-2B63-4E58-AB64-4157142DF73C}
	EndGlobalSection
EndGlobal
